// !$*UTF8*$!
{
	archiveVersion = 1;
	classes = {
	};
	objectVersion = 46;
	objects = {

/* Begin PBXBuildFile section */
		713E083A193E77E9006CA563 /* Foundation.framework in Frameworks */ = {isa = PBXBuildFile; fileRef = 713E0839193E77E9006CA563 /* Foundation.framework */; };
		713E083C193E77E9006CA563 /* CoreGraphics.framework in Frameworks */ = {isa = PBXBuildFile; fileRef = 713E083B193E77E9006CA563 /* CoreGraphics.framework */; };
		713E083E193E77E9006CA563 /* UIKit.framework in Frameworks */ = {isa = PBXBuildFile; fileRef = 713E083D193E77E9006CA563 /* UIKit.framework */; };
		713E0844193E77E9006CA563 /* InfoPlist.strings in Resources */ = {isa = PBXBuildFile; fileRef = 713E0842193E77E9006CA563 /* InfoPlist.strings */; };
		713E0846193E77E9006CA563 /* main.m in Sources */ = {isa = PBXBuildFile; fileRef = 713E0845193E77E9006CA563 /* main.m */; };
		713E084A193E77E9006CA563 /* RIAppDelegate.m in Sources */ = {isa = PBXBuildFile; fileRef = 713E0849193E77E9006CA563 /* RIAppDelegate.m */; };
		713E084C193E77E9006CA563 /* Images.xcassets in Resources */ = {isa = PBXBuildFile; fileRef = 713E084B193E77E9006CA563 /* Images.xcassets */; };
		713E0853193E77E9006CA563 /* XCTest.framework in Frameworks */ = {isa = PBXBuildFile; fileRef = 713E0852193E77E9006CA563 /* XCTest.framework */; };
		713E0854193E77E9006CA563 /* Foundation.framework in Frameworks */ = {isa = PBXBuildFile; fileRef = 713E0839193E77E9006CA563 /* Foundation.framework */; };
		713E0855193E77E9006CA563 /* UIKit.framework in Frameworks */ = {isa = PBXBuildFile; fileRef = 713E083D193E77E9006CA563 /* UIKit.framework */; };
		713E085D193E77E9006CA563 /* InfoPlist.strings in Resources */ = {isa = PBXBuildFile; fileRef = 713E085B193E77E9006CA563 /* InfoPlist.strings */; };
		713E085F193E77E9006CA563 /* RivalsTests.m in Sources */ = {isa = PBXBuildFile; fileRef = 713E085E193E77E9006CA563 /* RivalsTests.m */; };
/* End PBXBuildFile section */

/* Begin PBXContainerItemProxy section */
		713E0856193E77E9006CA563 /* PBXContainerItemProxy */ = {
			isa = PBXContainerItemProxy;
			containerPortal = 713E082E193E77E9006CA563 /* Project object */;
			proxyType = 1;
			remoteGlobalIDString = 713E0835193E77E9006CA563;
			remoteInfo = Rivals;
		};
/* End PBXContainerItemProxy section */

/* Begin PBXFileReference section */
		713E0836193E77E9006CA563 /* Rivals.app */ = {isa = PBXFileReference; explicitFileType = wrapper.application; includeInIndex = 0; path = Rivals.app; sourceTree = BUILT_PRODUCTS_DIR; };
		713E0839193E77E9006CA563 /* Foundation.framework */ = {isa = PBXFileReference; lastKnownFileType = wrapper.framework; name = Foundation.framework; path = System/Library/Frameworks/Foundation.framework; sourceTree = SDKROOT; };
		713E083B193E77E9006CA563 /* CoreGraphics.framework */ = {isa = PBXFileReference; lastKnownFileType = wrapper.framework; name = CoreGraphics.framework; path = System/Library/Frameworks/CoreGraphics.framework; sourceTree = SDKROOT; };
		713E083D193E77E9006CA563 /* UIKit.framework */ = {isa = PBXFileReference; lastKnownFileType = wrapper.framework; name = UIKit.framework; path = System/Library/Frameworks/UIKit.framework; sourceTree = SDKROOT; };
		713E0841193E77E9006CA563 /* Rivals-Info.plist */ = {isa = PBXFileReference; lastKnownFileType = text.plist.xml; path = "Rivals-Info.plist"; sourceTree = "<group>"; };
		713E0843193E77E9006CA563 /* en */ = {isa = PBXFileReference; lastKnownFileType = text.plist.strings; name = en; path = en.lproj/InfoPlist.strings; sourceTree = "<group>"; };
		713E0845193E77E9006CA563 /* main.m */ = {isa = PBXFileReference; lastKnownFileType = sourcecode.c.objc; path = main.m; sourceTree = "<group>"; };
		713E0847193E77E9006CA563 /* Rivals-Prefix.pch */ = {isa = PBXFileReference; lastKnownFileType = sourcecode.c.h; path = "Rivals-Prefix.pch"; sourceTree = "<group>"; };
		713E0848193E77E9006CA563 /* RIAppDelegate.h */ = {isa = PBXFileReference; lastKnownFileType = sourcecode.c.h; path = RIAppDelegate.h; sourceTree = "<group>"; };
		713E0849193E77E9006CA563 /* RIAppDelegate.m */ = {isa = PBXFileReference; lastKnownFileType = sourcecode.c.objc; path = RIAppDelegate.m; sourceTree = "<group>"; };
		713E084B193E77E9006CA563 /* Images.xcassets */ = {isa = PBXFileReference; lastKnownFileType = folder.assetcatalog; path = Images.xcassets; sourceTree = "<group>"; };
		713E0851193E77E9006CA563 /* RivalsTests.xctest */ = {isa = PBXFileReference; explicitFileType = wrapper.cfbundle; includeInIndex = 0; path = RivalsTests.xctest; sourceTree = BUILT_PRODUCTS_DIR; };
		713E0852193E77E9006CA563 /* XCTest.framework */ = {isa = PBXFileReference; lastKnownFileType = wrapper.framework; name = XCTest.framework; path = Library/Frameworks/XCTest.framework; sourceTree = DEVELOPER_DIR; };
		713E085A193E77E9006CA563 /* RivalsTests-Info.plist */ = {isa = PBXFileReference; lastKnownFileType = text.plist.xml; path = "RivalsTests-Info.plist"; sourceTree = "<group>"; };
		713E085C193E77E9006CA563 /* en */ = {isa = PBXFileReference; lastKnownFileType = text.plist.strings; name = en; path = en.lproj/InfoPlist.strings; sourceTree = "<group>"; };
		713E085E193E77E9006CA563 /* RivalsTests.m */ = {isa = PBXFileReference; lastKnownFileType = sourcecode.c.objc; path = RivalsTests.m; sourceTree = "<group>"; };
/* End PBXFileReference section */

/* Begin PBXFrameworksBuildPhase section */
		713E0833193E77E9006CA563 /* Frameworks */ = {
			isa = PBXFrameworksBuildPhase;
			buildActionMask = 2147483647;
			files = (
				713E083C193E77E9006CA563 /* CoreGraphics.framework in Frameworks */,
				713E083E193E77E9006CA563 /* UIKit.framework in Frameworks */,
				713E083A193E77E9006CA563 /* Foundation.framework in Frameworks */,
			);
			runOnlyForDeploymentPostprocessing = 0;
		};
		713E084E193E77E9006CA563 /* Frameworks */ = {
			isa = PBXFrameworksBuildPhase;
			buildActionMask = 2147483647;
			files = (
				713E0853193E77E9006CA563 /* XCTest.framework in Frameworks */,
				713E0855193E77E9006CA563 /* UIKit.framework in Frameworks */,
				713E0854193E77E9006CA563 /* Foundation.framework in Frameworks */,
			);
			runOnlyForDeploymentPostprocessing = 0;
		};
/* End PBXFrameworksBuildPhase section */

/* Begin PBXGroup section */
		713E082D193E77E9006CA563 = {
			isa = PBXGroup;
			children = (
				713E083F193E77E9006CA563 /* Rivals */,
				713E0858193E77E9006CA563 /* RivalsTests */,
				713E0838193E77E9006CA563 /* Frameworks */,
				713E0837193E77E9006CA563 /* Products */,
			);
			sourceTree = "<group>";
		};
		713E0837193E77E9006CA563 /* Products */ = {
			isa = PBXGroup;
			children = (
				713E0836193E77E9006CA563 /* Rivals.app */,
				713E0851193E77E9006CA563 /* RivalsTests.xctest */,
			);
			name = Products;
			sourceTree = "<group>";
		};
		713E0838193E77E9006CA563 /* Frameworks */ = {
			isa = PBXGroup;
			children = (
				713E0839193E77E9006CA563 /* Foundation.framework */,
				713E083B193E77E9006CA563 /* CoreGraphics.framework */,
				713E083D193E77E9006CA563 /* UIKit.framework */,
				713E0852193E77E9006CA563 /* XCTest.framework */,
			);
			name = Frameworks;
			sourceTree = "<group>";
		};
		713E083F193E77E9006CA563 /* Rivals */ = {
			isa = PBXGroup;
			children = (
				713E0848193E77E9006CA563 /* RIAppDelegate.h */,
				713E0849193E77E9006CA563 /* RIAppDelegate.m */,
				713E084B193E77E9006CA563 /* Images.xcassets */,
				713E0840193E77E9006CA563 /* Supporting Files */,
			);
			path = Rivals;
			sourceTree = "<group>";
		};
		713E0840193E77E9006CA563 /* Supporting Files */ = {
			isa = PBXGroup;
			children = (
				713E0841193E77E9006CA563 /* Rivals-Info.plist */,
				713E0842193E77E9006CA563 /* InfoPlist.strings */,
				713E0845193E77E9006CA563 /* main.m */,
				713E0847193E77E9006CA563 /* Rivals-Prefix.pch */,
			);
			name = "Supporting Files";
			sourceTree = "<group>";
		};
		713E0858193E77E9006CA563 /* RivalsTests */ = {
			isa = PBXGroup;
			children = (
				713E085E193E77E9006CA563 /* RivalsTests.m */,
				713E0859193E77E9006CA563 /* Supporting Files */,
			);
			path = RivalsTests;
			sourceTree = "<group>";
		};
		713E0859193E77E9006CA563 /* Supporting Files */ = {
			isa = PBXGroup;
			children = (
				713E085A193E77E9006CA563 /* RivalsTests-Info.plist */,
				713E085B193E77E9006CA563 /* InfoPlist.strings */,
			);
			name = "Supporting Files";
			sourceTree = "<group>";
		};
/* End PBXGroup section */

/* Begin PBXNativeTarget section */
		713E0835193E77E9006CA563 /* Rivals */ = {
			isa = PBXNativeTarget;
			buildConfigurationList = 713E0862193E77E9006CA563 /* Build configuration list for PBXNativeTarget "Rivals" */;
			buildPhases = (
				713E0832193E77E9006CA563 /* Sources */,
				713E0833193E77E9006CA563 /* Frameworks */,
				713E0834193E77E9006CA563 /* Resources */,
			);
			buildRules = (
			);
			dependencies = (
			);
			name = Rivals;
			productName = Rivals;
			productReference = 713E0836193E77E9006CA563 /* Rivals.app */;
			productType = "com.apple.product-type.application";
		};
		713E0850193E77E9006CA563 /* RivalsTests */ = {
			isa = PBXNativeTarget;
			buildConfigurationList = 713E0865193E77E9006CA563 /* Build configuration list for PBXNativeTarget "RivalsTests" */;
			buildPhases = (
				713E084D193E77E9006CA563 /* Sources */,
				713E084E193E77E9006CA563 /* Frameworks */,
				713E084F193E77E9006CA563 /* Resources */,
			);
			buildRules = (
			);
			dependencies = (
				713E0857193E77E9006CA563 /* PBXTargetDependency */,
			);
			name = RivalsTests;
			productName = RivalsTests;
			productReference = 713E0851193E77E9006CA563 /* RivalsTests.xctest */;
			productType = "com.apple.product-type.bundle.unit-test";
		};
/* End PBXNativeTarget section */

/* Begin PBXProject section */
		713E082E193E77E9006CA563 /* Project object */ = {
			isa = PBXProject;
			attributes = {
				CLASSPREFIX = RI;
				LastUpgradeCheck = 0510;
				ORGANIZATIONNAME = DevMountain;
				TargetAttributes = {
					713E0850193E77E9006CA563 = {
						TestTargetID = 713E0835193E77E9006CA563;
					};
				};
			};
			buildConfigurationList = 713E0831193E77E9006CA563 /* Build configuration list for PBXProject "Rivals" */;
			compatibilityVersion = "Xcode 3.2";
			developmentRegion = English;
			hasScannedForEncodings = 0;
			knownRegions = (
				en,
			);
			mainGroup = 713E082D193E77E9006CA563;
			productRefGroup = 713E0837193E77E9006CA563 /* Products */;
			projectDirPath = "";
			projectRoot = "";
			targets = (
				713E0835193E77E9006CA563 /* Rivals */,
				713E0850193E77E9006CA563 /* RivalsTests */,
			);
		};
/* End PBXProject section */

/* Begin PBXResourcesBuildPhase section */
		713E0834193E77E9006CA563 /* Resources */ = {
			isa = PBXResourcesBuildPhase;
			buildActionMask = 2147483647;
			files = (
				713E0844193E77E9006CA563 /* InfoPlist.strings in Resources */,
				713E084C193E77E9006CA563 /* Images.xcassets in Resources */,
			);
			runOnlyForDeploymentPostprocessing = 0;
		};
		713E084F193E77E9006CA563 /* Resources */ = {
			isa = PBXResourcesBuildPhase;
			buildActionMask = 2147483647;
			files = (
				713E085D193E77E9006CA563 /* InfoPlist.strings in Resources */,
			);
			runOnlyForDeploymentPostprocessing = 0;
		};
/* End PBXResourcesBuildPhase section */

/* Begin PBXSourcesBuildPhase section */
		713E0832193E77E9006CA563 /* Sources */ = {
			isa = PBXSourcesBuildPhase;
			buildActionMask = 2147483647;
			files = (
				713E0846193E77E9006CA563 /* main.m in Sources */,
				713E084A193E77E9006CA563 /* RIAppDelegate.m in Sources */,
			);
			runOnlyForDeploymentPostprocessing = 0;
		};
		713E084D193E77E9006CA563 /* Sources */ = {
			isa = PBXSourcesBuildPhase;
			buildActionMask = 2147483647;
			files = (
				713E085F193E77E9006CA563 /* RivalsTests.m in Sources */,
			);
			runOnlyForDeploymentPostprocessing = 0;
		};
/* End PBXSourcesBuildPhase section */

/* Begin PBXTargetDependency section */
		713E0857193E77E9006CA563 /* PBXTargetDependency */ = {
			isa = PBXTargetDependency;
			target = 713E0835193E77E9006CA563 /* Rivals */;
			targetProxy = 713E0856193E77E9006CA563 /* PBXContainerItemProxy */;
		};
/* End PBXTargetDependency section */

/* Begin PBXVariantGroup section */
		713E0842193E77E9006CA563 /* InfoPlist.strings */ = {
			isa = PBXVariantGroup;
			children = (
				713E0843193E77E9006CA563 /* en */,
			);
			name = InfoPlist.strings;
			sourceTree = "<group>";
		};
		713E085B193E77E9006CA563 /* InfoPlist.strings */ = {
			isa = PBXVariantGroup;
			children = (
				713E085C193E77E9006CA563 /* en */,
			);
			name = InfoPlist.strings;
			sourceTree = "<group>";
		};
/* End PBXVariantGroup section */

/* Begin XCBuildConfiguration section */
		713E0860193E77E9006CA563 /* Debug */ = {
			isa = XCBuildConfiguration;
			buildSettings = {
				ALWAYS_SEARCH_USER_PATHS = NO;
				CLANG_CXX_LANGUAGE_STANDARD = "gnu++0x";
				CLANG_CXX_LIBRARY = "libc++";
				CLANG_ENABLE_MODULES = YES;
				CLANG_ENABLE_OBJC_ARC = YES;
				CLANG_WARN_BOOL_CONVERSION = YES;
				CLANG_WARN_CONSTANT_CONVERSION = YES;
				CLANG_WARN_DIRECT_OBJC_ISA_USAGE = YES_ERROR;
				CLANG_WARN_EMPTY_BODY = YES;
				CLANG_WARN_ENUM_CONVERSION = YES;
				CLANG_WARN_INT_CONVERSION = YES;
				CLANG_WARN_OBJC_ROOT_CLASS = YES_ERROR;
				CLANG_WARN__DUPLICATE_METHOD_MATCH = YES;
				"CODE_SIGN_IDENTITY[sdk=iphoneos*]" = "iPhone Developer";
				COPY_PHASE_STRIP = NO;
				GCC_C_LANGUAGE_STANDARD = gnu99;
				GCC_DYNAMIC_NO_PIC = NO;
				GCC_OPTIMIZATION_LEVEL = 0;
				GCC_PREPROCESSOR_DEFINITIONS = (
					"DEBUG=1",
					"$(inherited)",
				);
				GCC_SYMBOLS_PRIVATE_EXTERN = NO;
				GCC_WARN_64_TO_32_BIT_CONVERSION = YES;
				GCC_WARN_ABOUT_RETURN_TYPE = YES_ERROR;
				GCC_WARN_UNDECLARED_SELECTOR = YES;
				GCC_WARN_UNINITIALIZED_AUTOS = YES_AGGRESSIVE;
				GCC_WARN_UNUSED_FUNCTION = YES;
				GCC_WARN_UNUSED_VARIABLE = YES;
				IPHONEOS_DEPLOYMENT_TARGET = 7.1;
				ONLY_ACTIVE_ARCH = YES;
				SDKROOT = iphoneos;
			};
			name = Debug;
		};
		713E0861193E77E9006CA563 /* Release */ = {
			isa = XCBuildConfiguration;
			buildSettings = {
				ALWAYS_SEARCH_USER_PATHS = NO;
				CLANG_CXX_LANGUAGE_STANDARD = "gnu++0x";
				CLANG_CXX_LIBRARY = "libc++";
				CLANG_ENABLE_MODULES = YES;
				CLANG_ENABLE_OBJC_ARC = YES;
				CLANG_WARN_BOOL_CONVERSION = YES;
				CLANG_WARN_CONSTANT_CONVERSION = YES;
				CLANG_WARN_DIRECT_OBJC_ISA_USAGE = YES_ERROR;
				CLANG_WARN_EMPTY_BODY = YES;
				CLANG_WARN_ENUM_CONVERSION = YES;
				CLANG_WARN_INT_CONVERSION = YES;
				CLANG_WARN_OBJC_ROOT_CLASS = YES_ERROR;
				CLANG_WARN__DUPLICATE_METHOD_MATCH = YES;
				"CODE_SIGN_IDENTITY[sdk=iphoneos*]" = "iPhone Developer";
				COPY_PHASE_STRIP = YES;
				ENABLE_NS_ASSERTIONS = NO;
				GCC_C_LANGUAGE_STANDARD = gnu99;
				GCC_WARN_64_TO_32_BIT_CONVERSION = YES;
				GCC_WARN_ABOUT_RETURN_TYPE = YES_ERROR;
				GCC_WARN_UNDECLARED_SELECTOR = YES;
				GCC_WARN_UNINITIALIZED_AUTOS = YES_AGGRESSIVE;
				GCC_WARN_UNUSED_FUNCTION = YES;
				GCC_WARN_UNUSED_VARIABLE = YES;
				IPHONEOS_DEPLOYMENT_TARGET = 7.1;
				SDKROOT = iphoneos;
				VALIDATE_PRODUCT = YES;
			};
			name = Release;
		};
		713E0863193E77E9006CA563 /* Debug */ = {
			isa = XCBuildConfiguration;
			buildSettings = {
				ASSETCATALOG_COMPILER_APPICON_NAME = AppIcon;
				ASSETCATALOG_COMPILER_LAUNCHIMAGE_NAME = LaunchImage;
				GCC_PRECOMPILE_PREFIX_HEADER = YES;
				GCC_PREFIX_HEADER = "Rivals/Rivals-Prefix.pch";
				INFOPLIST_FILE = "Rivals/Rivals-Info.plist";
				PRODUCT_NAME = "$(TARGET_NAME)";
				WRAPPER_EXTENSION = app;
			};
			name = Debug;
		};
		713E0864193E77E9006CA563 /* Release */ = {
			isa = XCBuildConfiguration;
			buildSettings = {
				ASSETCATALOG_COMPILER_APPICON_NAME = AppIcon;
				ASSETCATALOG_COMPILER_LAUNCHIMAGE_NAME = LaunchImage;
				GCC_PRECOMPILE_PREFIX_HEADER = YES;
				GCC_PREFIX_HEADER = "Rivals/Rivals-Prefix.pch";
				INFOPLIST_FILE = "Rivals/Rivals-Info.plist";
				PRODUCT_NAME = "$(TARGET_NAME)";
				WRAPPER_EXTENSION = app;
			};
			name = Release;
		};
		713E0866193E77E9006CA563 /* Debug */ = {
			isa = XCBuildConfiguration;
			buildSettings = {
				BUNDLE_LOADER = "$(BUILT_PRODUCTS_DIR)/Rivals.app/Rivals";
				FRAMEWORK_SEARCH_PATHS = (
					"$(SDKROOT)/Developer/Library/Frameworks",
					"$(inherited)",
					"$(DEVELOPER_FRAMEWORKS_DIR)",
				);
				GCC_PRECOMPILE_PREFIX_HEADER = YES;
				GCC_PREFIX_HEADER = "Rivals/Rivals-Prefix.pch";
				GCC_PREPROCESSOR_DEFINITIONS = (
					"DEBUG=1",
					"$(inherited)",
				);
				INFOPLIST_FILE = "RivalsTests/RivalsTests-Info.plist";
				PRODUCT_NAME = "$(TARGET_NAME)";
				TEST_HOST = "$(BUNDLE_LOADER)";
				WRAPPER_EXTENSION = xctest;
			};
			name = Debug;
		};
		713E0867193E77E9006CA563 /* Release */ = {
			isa = XCBuildConfiguration;
			buildSettings = {
				BUNDLE_LOADER = "$(BUILT_PRODUCTS_DIR)/Rivals.app/Rivals";
				FRAMEWORK_SEARCH_PATHS = (
					"$(SDKROOT)/Developer/Library/Frameworks",
					"$(inherited)",
					"$(DEVELOPER_FRAMEWORKS_DIR)",
				);
				GCC_PRECOMPILE_PREFIX_HEADER = YES;
				GCC_PREFIX_HEADER = "Rivals/Rivals-Prefix.pch";
				INFOPLIST_FILE = "RivalsTests/RivalsTests-Info.plist";
				PRODUCT_NAME = "$(TARGET_NAME)";
				TEST_HOST = "$(BUNDLE_LOADER)";
				WRAPPER_EXTENSION = xctest;
			};
			name = Release;
		};
/* End XCBuildConfiguration section */

/* Begin XCConfigurationList section */
		713E0831193E77E9006CA563 /* Build configuration list for PBXProject "Rivals" */ = {
			isa = XCConfigurationList;
			buildConfigurations = (
				713E0860193E77E9006CA563 /* Debug */,
				713E0861193E77E9006CA563 /* Release */,
			);
			defaultConfigurationIsVisible = 0;
			defaultConfigurationName = Release;
		};
		713E0862193E77E9006CA563 /* Build configuration list for PBXNativeTarget "Rivals" */ = {
			isa = XCConfigurationList;
			buildConfigurations = (
				713E0863193E77E9006CA563 /* Debug */,
				713E0864193E77E9006CA563 /* Release */,
			);
			defaultConfigurationIsVisible = 0;
		};
		713E0865193E77E9006CA563 /* Build configuration list for PBXNativeTarget "RivalsTests" */ = {
			isa = XCConfigurationList;
			buildConfigurations = (
				713E0866193E77E9006CA563 /* Debug */,
				713E0867193E77E9006CA563 /* Release */,
			);
			defaultConfigurationIsVisible = 0;
		};
/* End XCConfigurationList section */
	};
	rootObject = 713E082E193E77E9006CA563 /* Project object */;
}
